
Microsoft Visual Studio Solution File, Format Version 12.00
# Visual Studio 15
VisualStudioVersion = 15.0.36617.4
MinimumVisualStudioVersion = 10.0.40219.1
Project("{FAE04EC0-301F-11D3-BF4B-00C04F79EFBC}") = "MSContactsSync", "MSContactsSync\MSContactsSync.csproj", "{BE176A58-B03D-47BB-9384-37ED1636DD07}"
EndProject
Global
	GlobalSection(SolutionConfigurationPlatforms) = preSolution
		Debug|ARM = Debug|ARM
		Debug|ARM64 = Debug|ARM64
		Debug|x64 = Debug|x64
		Debug|x86 = Debug|x86
		Release|ARM = Release|ARM
		Release|ARM64 = Release|ARM64
		Release|x64 = Release|x64
		Release|x86 = Release|x86
	EndGlobalSection
	GlobalSection(ProjectConfigurationPlatforms) = postSolution
		{BE176A58-B03D-47BB-9384-37ED1636DD07}.Debug|ARM.ActiveCfg = Debug|ARM
		{BE176A58-B03D-47BB-9384-37ED1636DD07}.Debug|ARM.Build.0 = Debug|ARM
		{BE176A58-B03D-47BB-9384-37ED1636DD07}.Debug|ARM.Deploy.0 = Debug|ARM
		{BE176A58-B03D-47BB-9384-37ED1636DD07}.Debug|ARM64.ActiveCfg = Debug|ARM
		{BE176A58-B03D-47BB-9384-37ED1636DD07}.Debug|x64.ActiveCfg = Debug|ARM
		{BE176A58-B03D-47BB-9384-37ED1636DD07}.Debug|x86.ActiveCfg = Debug|ARM
		{BE176A58-B03D-47BB-9384-37ED1636DD07}.Release|ARM.ActiveCfg = Release|ARM
		{BE176A58-B03D-47BB-9384-37ED1636DD07}.Release|ARM.Build.0 = Release|ARM
		{BE176A58-B03D-47BB-9384-37ED1636DD07}.Release|ARM.Deploy.0 = Release|ARM
		{BE176A58-B03D-47BB-9384-37ED1636DD07}.Release|ARM64.ActiveCfg = Release|ARM
		{BE176A58-B03D-47BB-9384-37ED1636DD07}.Release|x64.ActiveCfg = Release|ARM
		{BE176A58-B03D-47BB-9384-37ED1636DD07}.Release|x86.ActiveCfg = Release|ARM
	EndGlobalSection
	GlobalSection(SolutionProperties) = preSolution
		HideSolutionNode = FALSE
	EndGlobalSection
	GlobalSection(ExtensibilityGlobals) = postSolution
		SolutionGuid = {154BD836-EBEE-4F11-B799-1E4E8EE5E9CF}
	EndGlobalSection
EndGlobal
